
Microsoft Visual Studio Solution File, Format Version 12.00
# Visual Studio 15
VisualStudioVersion = 15.0.28010.2048
MinimumVisualStudioVersion = 10.0.40219.1
Project("{FAE04EC0-301F-11D3-BF4B-00C04F79EFBC}") = "My Calculator", "My Calculator\My Calculator.csproj", "{71D5E044-A2FB-4026-AE24-CA74C6090226}"
EndProject
Global
	GlobalSection(SolutionConfigurationPlatforms) = preSolution
		Debug|Any CPU = Debug|Any CPU
		Release|Any CPU = Release|Any CPU
	EndGlobalSection
	GlobalSection(ProjectConfigurationPlatforms) = postSolution
		{71D5E044-A2FB-4026-AE24-CA74C6090226}.Debug|Any CPU.ActiveCfg = Debug|Any CPU
		{71D5E044-A2FB-4026-AE24-CA74C6090226}.Debug|Any CPU.Build.0 = Debug|Any CPU
		{71D5E044-A2FB-4026-AE24-CA74C6090226}.Release|Any CPU.ActiveCfg = Release|Any CPU
		{71D5E044-A2FB-4026-AE24-CA74C6090226}.Release|Any CPU.Build.0 = Release|Any CPU
	EndGlobalSection
	GlobalSection(SolutionProperties) = preSolution
		HideSolutionNode = FALSE
	EndGlobalSection
	GlobalSection(ExtensibilityGlobals) = postSolution
		SolutionGuid = {DE2F32F7-FC4A-4DF0-89A5-00B8305DAAA1}
	EndGlobalSection
EndGlobal
